// !$*UTF8*$!
{
	archiveVersion = 1;
	classes = {
	};
	objectVersion = 56;
	objects = {

/* Begin PBXBuildFile section */
		4D8B58D12A2E11C5004F28BE /* AppDelegate.swift in Sources */ = {isa = PBXBuildFile; fileRef = 4D8B58D02A2E11C5004F28BE /* AppDelegate.swift */; };
		4D8B58D32A2E11C5004F28BE /* SceneDelegate.swift in Sources */ = {isa = PBXBuildFile; fileRef = 4D8B58D22A2E11C5004F28BE /* SceneDelegate.swift */; };
		4D8B58D52A2E11C5004F28BE /* ViewController.swift in Sources */ = {isa = PBXBuildFile; fileRef = 4D8B58D42A2E11C5004F28BE /* ViewController.swift */; };
		4D8B58D82A2E11C5004F28BE /* Main.storyboard in Resources */ = {isa = PBXBuildFile; fileRef = 4D8B58D62A2E11C5004F28BE /* Main.storyboard */; };
		4D8B58DA2A2E11C6004F28BE /* Assets.xcassets in Resources */ = {isa = PBXBuildFile; fileRef = 4D8B58D92A2E11C6004F28BE /* Assets.xcassets */; };
		4D8B58DD2A2E11C6004F28BE /* LaunchScreen.storyboard in Resources */ = {isa = PBXBuildFile; fileRef = 4D8B58DB2A2E11C6004F28BE /* LaunchScreen.storyboard */; };
		4D8B58E52A2E1473004F28BE /* Calculation.swift in Sources */ = {isa = PBXBuildFile; fileRef = 4D8B58E42A2E1473004F28BE /* Calculation.swift */; };
		4D8B58E72A2E14EC004F28BE /* Constants.swift in Sources */ = {isa = PBXBuildFile; fileRef = 4D8B58E62A2E14EC004F28BE /* Constants.swift */; };
		4D8B58EC2A2E1EF7004F28BE /* Util.swift in Sources */ = {isa = PBXBuildFile; fileRef = 4D8B58EB2A2E1EF7004F28BE /* Util.swift */; };
		4D8B58EE2A2E1F67004F28BE /* ErrorMessages.swift in Sources */ = {isa = PBXBuildFile; fileRef = 4D8B58ED2A2E1F67004F28BE /* ErrorMessages.swift */; };
		4D8B58F12A2E29BF004F28BE /* ElectricCostCalculator.xcdatamodeld in Sources */ = {isa = PBXBuildFile; fileRef = 4D8B58EF2A2E29BF004F28BE /* ElectricCostCalculator.xcdatamodeld */; };
		4D8B59162A2E320C004F28BE /* CostViewController.swift in Sources */ = {isa = PBXBuildFile; fileRef = 4D8B59152A2E320C004F28BE /* CostViewController.swift */; };
		4D8B59182A2E3D9F004F28BE /* GoogleService-Info.plist in Resources */ = {isa = PBXBuildFile; fileRef = 4D8B59172A2E3D9F004F28BE /* GoogleService-Info.plist */; };
		4D8B591B2A2E40B4004F28BE /* FirebaseFirestore in Frameworks */ = {isa = PBXBuildFile; productRef = 4D8B591A2A2E40B4004F28BE /* FirebaseFirestore */; };
		4D8B591D2A2E40B4004F28BE /* FirebaseStorage in Frameworks */ = {isa = PBXBuildFile; productRef = 4D8B591C2A2E40B4004F28BE /* FirebaseStorage */; };
/* End PBXBuildFile section */

/* Begin PBXFileReference section */
		4D8B58CD2A2E11C5004F28BE /* ElectricCostCalculator.app */ = {isa = PBXFileReference; explicitFileType = wrapper.application; includeInIndex = 0; path = ElectricCostCalculator.app; sourceTree = BUILT_PRODUCTS_DIR; };
		4D8B58D02A2E11C5004F28BE /* AppDelegate.swift */ = {isa = PBXFileReference; lastKnownFileType = sourcecode.swift; path = AppDelegate.swift; sourceTree = "<group>"; };
		4D8B58D22A2E11C5004F28BE /* SceneDelegate.swift */ = {isa = PBXFileReference; lastKnownFileType = sourcecode.swift; path = SceneDelegate.swift; sourceTree = "<group>"; };
		4D8B58D42A2E11C5004F28BE /* ViewController.swift */ = {isa = PBXFileReference; lastKnownFileType = sourcecode.swift; path = ViewController.swift; sourceTree = "<group>"; };
		4D8B58D72A2E11C5004F28BE /* Base */ = {isa = PBXFileReference; lastKnownFileType = file.storyboard; name = Base; path = Base.lproj/Main.storyboard; sourceTree = "<group>"; };
		4D8B58D92A2E11C6004F28BE /* Assets.xcassets */ = {isa = PBXFileReference; lastKnownFileType = folder.assetcatalog; path = Assets.xcassets; sourceTree = "<group>"; };
		4D8B58DC2A2E11C6004F28BE /* Base */ = {isa = PBXFileReference; lastKnownFileType = file.storyboard; name = Base; path = Base.lproj/LaunchScreen.storyboard; sourceTree = "<group>"; };
		4D8B58DE2A2E11C6004F28BE /* Info.plist */ = {isa = PBXFileReference; lastKnownFileType = text.plist.xml; path = Info.plist; sourceTree = "<group>"; };
		4D8B58E42A2E1473004F28BE /* Calculation.swift */ = {isa = PBXFileReference; lastKnownFileType = sourcecode.swift; path = Calculation.swift; sourceTree = "<group>"; };
		4D8B58E62A2E14EC004F28BE /* Constants.swift */ = {isa = PBXFileReference; lastKnownFileType = sourcecode.swift; path = Constants.swift; sourceTree = "<group>"; };
		4D8B58EB2A2E1EF7004F28BE /* Util.swift */ = {isa = PBXFileReference; lastKnownFileType = sourcecode.swift; path = Util.swift; sourceTree = "<group>"; };
		4D8B58ED2A2E1F67004F28BE /* ErrorMessages.swift */ = {isa = PBXFileReference; lastKnownFileType = sourcecode.swift; path = ErrorMessages.swift; sourceTree = "<group>"; };
		4D8B58F02A2E29BF004F28BE /* Model.xcdatamodel */ = {isa = PBXFileReference; lastKnownFileType = wrapper.xcdatamodel; path = Model.xcdatamodel; sourceTree = "<group>"; };
		4D8B59152A2E320C004F28BE /* CostViewController.swift */ = {isa = PBXFileReference; lastKnownFileType = sourcecode.swift; path = CostViewController.swift; sourceTree = "<group>"; };
		4D8B59172A2E3D9F004F28BE /* GoogleService-Info.plist */ = {isa = PBXFileReference; fileEncoding = 4; lastKnownFileType = text.plist.xml; path = "GoogleService-Info.plist"; sourceTree = "<group>"; };
/* End PBXFileReference section */

/* Begin PBXFrameworksBuildPhase section */
		4D8B58CA2A2E11C5004F28BE /* Frameworks */ = {
			isa = PBXFrameworksBuildPhase;
			buildActionMask = 2147483647;
			files = (
				4D8B591B2A2E40B4004F28BE /* FirebaseFirestore in Frameworks */,
				4D8B591D2A2E40B4004F28BE /* FirebaseStorage in Frameworks */,
			);
			runOnlyForDeploymentPostprocessing = 0;
		};
/* End PBXFrameworksBuildPhase section */

/* Begin PBXGroup section */
		4D8B58C42A2E11C5004F28BE = {
			isa = PBXGroup;
			children = (
				4D8B58CF2A2E11C5004F28BE /* ElectricCostCalculator */,
				4D8B58CE2A2E11C5004F28BE /* Products */,
			);
			sourceTree = "<group>";
		};
		4D8B58CE2A2E11C5004F28BE /* Products */ = {
			isa = PBXGroup;
			children = (
				4D8B58CD2A2E11C5004F28BE /* ElectricCostCalculator.app */,
			);
			name = Products;
			sourceTree = "<group>";
		};
		4D8B58CF2A2E11C5004F28BE /* ElectricCostCalculator */ = {
			isa = PBXGroup;
			children = (
				4D8B58E82A2E1E62004F28BE /* Model */,
				4D8B58E92A2E1E6A004F28BE /* View */,
				4D8B58EA2A2E1E71004F28BE /* ViewModel */,
				4D8B58E62A2E14EC004F28BE /* Constants.swift */,
				4D8B58EB2A2E1EF7004F28BE /* Util.swift */,
				4D8B58D02A2E11C5004F28BE /* AppDelegate.swift */,
				4D8B58D22A2E11C5004F28BE /* SceneDelegate.swift */,
				4D8B59172A2E3D9F004F28BE /* GoogleService-Info.plist */,
				4D8B58EF2A2E29BF004F28BE /* ElectricCostCalculator.xcdatamodeld */,
				4D8B58D92A2E11C6004F28BE /* Assets.xcassets */,
				4D8B58DB2A2E11C6004F28BE /* LaunchScreen.storyboard */,
				4D8B58DE2A2E11C6004F28BE /* Info.plist */,
			);
			path = ElectricCostCalculator;
			sourceTree = "<group>";
		};
		4D8B58E82A2E1E62004F28BE /* Model */ = {
			isa = PBXGroup;
			children = (
				4D8B58ED2A2E1F67004F28BE /* ErrorMessages.swift */,
			);
			path = Model;
			sourceTree = "<group>";
		};
		4D8B58E92A2E1E6A004F28BE /* View */ = {
			isa = PBXGroup;
			children = (
				4D8B58D62A2E11C5004F28BE /* Main.storyboard */,
				4D8B58D42A2E11C5004F28BE /* ViewController.swift */,
				4D8B59152A2E320C004F28BE /* CostViewController.swift */,
			);
			path = View;
			sourceTree = "<group>";
		};
		4D8B58EA2A2E1E71004F28BE /* ViewModel */ = {
			isa = PBXGroup;
			children = (
				4D8B58E42A2E1473004F28BE /* Calculation.swift */,
			);
			path = ViewModel;
			sourceTree = "<group>";
		};
/* End PBXGroup section */

/* Begin PBXNativeTarget section */
		4D8B58CC2A2E11C5004F28BE /* ElectricCostCalculator */ = {
			isa = PBXNativeTarget;
			buildConfigurationList = 4D8B58E12A2E11C6004F28BE /* Build configuration list for PBXNativeTarget "ElectricCostCalculator" */;
			buildPhases = (
				4D8B58C92A2E11C5004F28BE /* Sources */,
				4D8B58CA2A2E11C5004F28BE /* Frameworks */,
				4D8B58CB2A2E11C5004F28BE /* Resources */,
			);
			buildRules = (
			);
			dependencies = (
			);
			name = ElectricCostCalculator;
			packageProductDependencies = (
				4D8B591A2A2E40B4004F28BE /* FirebaseFirestore */,
				4D8B591C2A2E40B4004F28BE /* FirebaseStorage */,
			);
			productName = ElectricCostCalculator;
			productReference = 4D8B58CD2A2E11C5004F28BE /* ElectricCostCalculator.app */;
			productType = "com.apple.product-type.application";
		};
/* End PBXNativeTarget section */

/* Begin PBXProject section */
		4D8B58C52A2E11C5004F28BE /* Project object */ = {
			isa = PBXProject;
			attributes = {
				BuildIndependentTargetsInParallel = 1;
				LastSwiftUpdateCheck = 1410;
				LastUpgradeCheck = 1410;
				TargetAttributes = {
					4D8B58CC2A2E11C5004F28BE = {
						CreatedOnToolsVersion = 14.1;
					};
				};
			};
			buildConfigurationList = 4D8B58C82A2E11C5004F28BE /* Build configuration list for PBXProject "ElectricCostCalculator" */;
			compatibilityVersion = "Xcode 14.0";
			developmentRegion = en;
			hasScannedForEncodings = 0;
			knownRegions = (
				en,
				Base,
			);
			mainGroup = 4D8B58C42A2E11C5004F28BE;
			packageReferences = (
				4D8B59192A2E40B4004F28BE /* XCRemoteSwiftPackageReference "firebase-ios-sdk" */,
			);
			productRefGroup = 4D8B58CE2A2E11C5004F28BE /* Products */;
			projectDirPath = "";
			projectRoot = "";
			targets = (
				4D8B58CC2A2E11C5004F28BE /* ElectricCostCalculator */,
			);
		};
/* End PBXProject section */

/* Begin PBXResourcesBuildPhase section */
		4D8B58CB2A2E11C5004F28BE /* Resources */ = {
			isa = PBXResourcesBuildPhase;
			buildActionMask = 2147483647;
			files = (
				4D8B58DD2A2E11C6004F28BE /* LaunchScreen.storyboard in Resources */,
				4D8B58DA2A2E11C6004F28BE /* Assets.xcassets in Resources */,
				4D8B58D82A2E11C5004F28BE /* Main.storyboard in Resources */,
				4D8B59182A2E3D9F004F28BE /* GoogleService-Info.plist in Resources */,
			);
			runOnlyForDeploymentPostprocessing = 0;
		};
/* End PBXResourcesBuildPhase section */

/* Begin PBXSourcesBuildPhase section */
		4D8B58C92A2E11C5004F28BE /* Sources */ = {
			isa = PBXSourcesBuildPhase;
			buildActionMask = 2147483647;
			files = (
				4D8B58EE2A2E1F67004F28BE /* ErrorMessages.swift in Sources */,
				4D8B59162A2E320C004F28BE /* CostViewController.swift in Sources */,
				4D8B58E72A2E14EC004F28BE /* Constants.swift in Sources */,
				4D8B58EC2A2E1EF7004F28BE /* Util.swift in Sources */,
				4D8B58F12A2E29BF004F28BE /* ElectricCostCalculator.xcdatamodeld in Sources */,
				4D8B58D52A2E11C5004F28BE /* ViewController.swift in Sources */,
				4D8B58D12A2E11C5004F28BE /* AppDelegate.swift in Sources */,
				4D8B58D32A2E11C5004F28BE /* SceneDelegate.swift in Sources */,
				4D8B58E52A2E1473004F28BE /* Calculation.swift in Sources */,
			);
			runOnlyForDeploymentPostprocessing = 0;
		};
/* End PBXSourcesBuildPhase section */

/* Begin PBXVariantGroup section */
		4D8B58D62A2E11C5004F28BE /* Main.storyboard */ = {
			isa = PBXVariantGroup;
			children = (
				4D8B58D72A2E11C5004F28BE /* Base */,
			);
			name = Main.storyboard;
			sourceTree = "<group>";
		};
		4D8B58DB2A2E11C6004F28BE /* LaunchScreen.storyboard */ = {
			isa = PBXVariantGroup;
			children = (
				4D8B58DC2A2E11C6004F28BE /* Base */,
			);
			name = LaunchScreen.storyboard;
			sourceTree = "<group>";
		};
/* End PBXVariantGroup section */

/* Begin XCBuildConfiguration section */
		4D8B58DF2A2E11C6004F28BE /* Debug */ = {
			isa = XCBuildConfiguration;
			buildSettings = {
				ALWAYS_SEARCH_USER_PATHS = NO;
				CLANG_ANALYZER_NONNULL = YES;
				CLANG_ANALYZER_NUMBER_OBJECT_CONVERSION = YES_AGGRESSIVE;
				CLANG_CXX_LANGUAGE_STANDARD = "gnu++20";
				CLANG_ENABLE_MODULES = YES;
				CLANG_ENABLE_OBJC_ARC = YES;
				CLANG_ENABLE_OBJC_WEAK = YES;
				CLANG_WARN_BLOCK_CAPTURE_AUTORELEASING = YES;
				CLANG_WARN_BOOL_CONVERSION = YES;
				CLANG_WARN_COMMA = YES;
				CLANG_WARN_CONSTANT_CONVERSION = YES;
				CLANG_WARN_DEPRECATED_OBJC_IMPLEMENTATIONS = YES;
				CLANG_WARN_DIRECT_OBJC_ISA_USAGE = YES_ERROR;
				CLANG_WARN_DOCUMENTATION_COMMENTS = YES;
				CLANG_WARN_EMPTY_BODY = YES;
				CLANG_WARN_ENUM_CONVERSION = YES;
				CLANG_WARN_INFINITE_RECURSION = YES;
				CLANG_WARN_INT_CONVERSION = YES;
				CLANG_WARN_NON_LITERAL_NULL_CONVERSION = YES;
				CLANG_WARN_OBJC_IMPLICIT_RETAIN_SELF = YES;
				CLANG_WARN_OBJC_LITERAL_CONVERSION = YES;
				CLANG_WARN_OBJC_ROOT_CLASS = YES_ERROR;
				CLANG_WARN_QUOTED_INCLUDE_IN_FRAMEWORK_HEADER = YES;
				CLANG_WARN_RANGE_LOOP_ANALYSIS = YES;
				CLANG_WARN_STRICT_PROTOTYPES = YES;
				CLANG_WARN_SUSPICIOUS_MOVE = YES;
				CLANG_WARN_UNGUARDED_AVAILABILITY = YES_AGGRESSIVE;
				CLANG_WARN_UNREACHABLE_CODE = YES;
				CLANG_WARN__DUPLICATE_METHOD_MATCH = YES;
				COPY_PHASE_STRIP = NO;
				DEBUG_INFORMATION_FORMAT = dwarf;
				ENABLE_STRICT_OBJC_MSGSEND = YES;
				ENABLE_TESTABILITY = YES;
				GCC_C_LANGUAGE_STANDARD = gnu11;
				GCC_DYNAMIC_NO_PIC = NO;
				GCC_NO_COMMON_BLOCKS = YES;
				GCC_OPTIMIZATION_LEVEL = 0;
				GCC_PREPROCESSOR_DEFINITIONS = (
					"DEBUG=1",
					"$(inherited)",
				);
				GCC_WARN_64_TO_32_BIT_CONVERSION = YES;
				GCC_WARN_ABOUT_RETURN_TYPE = YES_ERROR;
				GCC_WARN_UNDECLARED_SELECTOR = YES;
				GCC_WARN_UNINITIALIZED_AUTOS = YES_AGGRESSIVE;
				GCC_WARN_UNUSED_FUNCTION = YES;
				GCC_WARN_UNUSED_VARIABLE = YES;
				IPHONEOS_DEPLOYMENT_TARGET = 16.1;
				MTL_ENABLE_DEBUG_INFO = INCLUDE_SOURCE;
				MTL_FAST_MATH = YES;
				ONLY_ACTIVE_ARCH = YES;
				SDKROOT = iphoneos;
				SWIFT_ACTIVE_COMPILATION_CONDITIONS = DEBUG;
				SWIFT_OPTIMIZATION_LEVEL = "-Onone";
			};
			name = Debug;
		};
		4D8B58E02A2E11C6004F28BE /* Release */ = {
			isa = XCBuildConfiguration;
			buildSettings = {
				ALWAYS_SEARCH_USER_PATHS = NO;
				CLANG_ANALYZER_NONNULL = YES;
				CLANG_ANALYZER_NUMBER_OBJECT_CONVERSION = YES_AGGRESSIVE;
				CLANG_CXX_LANGUAGE_STANDARD = "gnu++20";
				CLANG_ENABLE_MODULES = YES;
				CLANG_ENABLE_OBJC_ARC = YES;
				CLANG_ENABLE_OBJC_WEAK = YES;
				CLANG_WARN_BLOCK_CAPTURE_AUTORELEASING = YES;
				CLANG_WARN_BOOL_CONVERSION = YES;
				CLANG_WARN_COMMA = YES;
				CLANG_WARN_CONSTANT_CONVERSION = YES;
				CLANG_WARN_DEPRECATED_OBJC_IMPLEMENTATIONS = YES;
				CLANG_WARN_DIRECT_OBJC_ISA_USAGE = YES_ERROR;
				CLANG_WARN_DOCUMENTATION_COMMENTS = YES;
				CLANG_WARN_EMPTY_BODY = YES;
				CLANG_WARN_ENUM_CONVERSION = YES;
				CLANG_WARN_INFINITE_RECURSION = YES;
				CLANG_WARN_INT_CONVERSION = YES;
				CLANG_WARN_NON_LITERAL_NULL_CONVERSION = YES;
				CLANG_WARN_OBJC_IMPLICIT_RETAIN_SELF = YES;
				CLANG_WARN_OBJC_LITERAL_CONVERSION = YES;
				CLANG_WARN_OBJC_ROOT_CLASS = YES_ERROR;
				CLANG_WARN_QUOTED_INCLUDE_IN_FRAMEWORK_HEADER = YES;
				CLANG_WARN_RANGE_LOOP_ANALYSIS = YES;
				CLANG_WARN_STRICT_PROTOTYPES = YES;
				CLANG_WARN_SUSPICIOUS_MOVE = YES;
				CLANG_WARN_UNGUARDED_AVAILABILITY = YES_AGGRESSIVE;
				CLANG_WARN_UNREACHABLE_CODE = YES;
				CLANG_WARN__DUPLICATE_METHOD_MATCH = YES;
				COPY_PHASE_STRIP = NO;
				DEBUG_INFORMATION_FORMAT = "dwarf-with-dsym";
				ENABLE_NS_ASSERTIONS = NO;
				ENABLE_STRICT_OBJC_MSGSEND = YES;
				GCC_C_LANGUAGE_STANDARD = gnu11;
				GCC_NO_COMMON_BLOCKS = YES;
				GCC_WARN_64_TO_32_BIT_CONVERSION = YES;
				GCC_WARN_ABOUT_RETURN_TYPE = YES_ERROR;
				GCC_WARN_UNDECLARED_SELECTOR = YES;
				GCC_WARN_UNINITIALIZED_AUTOS = YES_AGGRESSIVE;
				GCC_WARN_UNUSED_FUNCTION = YES;
				GCC_WARN_UNUSED_VARIABLE = YES;
				IPHONEOS_DEPLOYMENT_TARGET = 16.1;
				MTL_ENABLE_DEBUG_INFO = NO;
				MTL_FAST_MATH = YES;
				SDKROOT = iphoneos;
				SWIFT_COMPILATION_MODE = wholemodule;
				SWIFT_OPTIMIZATION_LEVEL = "-O";
				VALIDATE_PRODUCT = YES;
			};
			name = Release;
		};
		4D8B58E22A2E11C6004F28BE /* Debug */ = {
			isa = XCBuildConfiguration;
			buildSettings = {
				ASSETCATALOG_COMPILER_APPICON_NAME = AppIcon;
				ASSETCATALOG_COMPILER_GLOBAL_ACCENT_COLOR_NAME = AccentColor;
				CODE_SIGN_STYLE = Automatic;
				CURRENT_PROJECT_VERSION = 1;
				DEVELOPMENT_TEAM = SKSVZ28VK6;
				GENERATE_INFOPLIST_FILE = YES;
				INFOPLIST_FILE = ElectricCostCalculator/Info.plist;
				INFOPLIST_KEY_UIApplicationSupportsIndirectInputEvents = YES;
				INFOPLIST_KEY_UILaunchStoryboardName = LaunchScreen;
				INFOPLIST_KEY_UIMainStoryboardFile = Main;
				INFOPLIST_KEY_UISupportedInterfaceOrientations_iPad = "UIInterfaceOrientationPortrait UIInterfaceOrientationPortraitUpsideDown UIInterfaceOrientationLandscapeLeft UIInterfaceOrientationLandscapeRight";
				INFOPLIST_KEY_UISupportedInterfaceOrientations_iPhone = "UIInterfaceOrientationPortrait UIInterfaceOrientationLandscapeLeft UIInterfaceOrientationLandscapeRight";
				LD_RUNPATH_SEARCH_PATHS = (
					"$(inherited)",
					"@executable_path/Frameworks",
				);
				MARKETING_VERSION = 1.0;
				PRODUCT_BUNDLE_IDENTIFIER = busesahinbas.ElectricCostCalculator;
				PRODUCT_NAME = "$(TARGET_NAME)";
				SWIFT_EMIT_LOC_STRINGS = YES;
				SWIFT_VERSION = 5.0;
				TARGETED_DEVICE_FAMILY = "1,2";
			};
			name = Debug;
		};
		4D8B58E32A2E11C6004F28BE /* Release */ = {
			isa = XCBuildConfiguration;
			buildSettings = {
				ASSETCATALOG_COMPILER_APPICON_NAME = AppIcon;
				ASSETCATALOG_COMPILER_GLOBAL_ACCENT_COLOR_NAME = AccentColor;
				CODE_SIGN_STYLE = Automatic;
				CURRENT_PROJECT_VERSION = 1;
				DEVELOPMENT_TEAM = SKSVZ28VK6;
				GENERATE_INFOPLIST_FILE = YES;
				INFOPLIST_FILE = ElectricCostCalculator/Info.plist;
				INFOPLIST_KEY_UIApplicationSupportsIndirectInputEvents = YES;
				INFOPLIST_KEY_UILaunchStoryboardName = LaunchScreen;
				INFOPLIST_KEY_UIMainStoryboardFile = Main;
				INFOPLIST_KEY_UISupportedInterfaceOrientations_iPad = "UIInterfaceOrientationPortrait UIInterfaceOrientationPortraitUpsideDown UIInterfaceOrientationLandscapeLeft UIInterfaceOrientationLandscapeRight";
				INFOPLIST_KEY_UISupportedInterfaceOrientations_iPhone = "UIInterfaceOrientationPortrait UIInterfaceOrientationLandscapeLeft UIInterfaceOrientationLandscapeRight";
				LD_RUNPATH_SEARCH_PATHS = (
					"$(inherited)",
					"@executable_path/Frameworks",
				);
				MARKETING_VERSION = 1.0;
				PRODUCT_BUNDLE_IDENTIFIER = busesahinbas.ElectricCostCalculator;
				PRODUCT_NAME = "$(TARGET_NAME)";
				SWIFT_EMIT_LOC_STRINGS = YES;
				SWIFT_VERSION = 5.0;
				TARGETED_DEVICE_FAMILY = "1,2";
			};
			name = Release;
		};
/* End XCBuildConfiguration section */

/* Begin XCConfigurationList section */
		4D8B58C82A2E11C5004F28BE /* Build configuration list for PBXProject "ElectricCostCalculator" */ = {
			isa = XCConfigurationList;
			buildConfigurations = (
				4D8B58DF2A2E11C6004F28BE /* Debug */,
				4D8B58E02A2E11C6004F28BE /* Release */,
			);
			defaultConfigurationIsVisible = 0;
			defaultConfigurationName = Release;
		};
		4D8B58E12A2E11C6004F28BE /* Build configuration list for PBXNativeTarget "ElectricCostCalculator" */ = {
			isa = XCConfigurationList;
			buildConfigurations = (
				4D8B58E22A2E11C6004F28BE /* Debug */,
				4D8B58E32A2E11C6004F28BE /* Release */,
			);
			defaultConfigurationIsVisible = 0;
			defaultConfigurationName = Release;
		};
/* End XCConfigurationList section */

/* Begin XCRemoteSwiftPackageReference section */
		4D8B59192A2E40B4004F28BE /* XCRemoteSwiftPackageReference "firebase-ios-sdk" */ = {
			isa = XCRemoteSwiftPackageReference;
			repositoryURL = "https://github.com/firebase/firebase-ios-sdk";
			requirement = {
				branch = master;
				kind = branch;
			};
		};
/* End XCRemoteSwiftPackageReference section */

/* Begin XCSwiftPackageProductDependency section */
		4D8B591A2A2E40B4004F28BE /* FirebaseFirestore */ = {
			isa = XCSwiftPackageProductDependency;
			package = 4D8B59192A2E40B4004F28BE /* XCRemoteSwiftPackageReference "firebase-ios-sdk" */;
			productName = FirebaseFirestore;
		};
		4D8B591C2A2E40B4004F28BE /* FirebaseStorage */ = {
			isa = XCSwiftPackageProductDependency;
			package = 4D8B59192A2E40B4004F28BE /* XCRemoteSwiftPackageReference "firebase-ios-sdk" */;
			productName = FirebaseStorage;
		};
/* End XCSwiftPackageProductDependency section */

/* Begin XCVersionGroup section */
		4D8B58EF2A2E29BF004F28BE /* ElectricCostCalculator.xcdatamodeld */ = {
			isa = XCVersionGroup;
			children = (
				4D8B58F02A2E29BF004F28BE /* Model.xcdatamodel */,
			);
			currentVersion = 4D8B58F02A2E29BF004F28BE /* Model.xcdatamodel */;
			path = ElectricCostCalculator.xcdatamodeld;
			sourceTree = "<group>";
			versionGroupType = wrapper.xcdatamodel;
		};
/* End XCVersionGroup section */
	};
	rootObject = 4D8B58C52A2E11C5004F28BE /* Project object */;
}
